// !$*UTF8*$!
{
	archiveVersion = 1;
	classes = {
	};
	objectVersion = 55;
	objects = {

/* Begin PBXBuildFile section */
		A91DB70827FF40D800413386 /* WeatherView.swift in Sources */ = {isa = PBXBuildFile; fileRef = A91DB70727FF40D800413386 /* WeatherView.swift */; };
		A91DB70F27FF5CA000413386 /* UIView + Extentions.swift in Sources */ = {isa = PBXBuildFile; fileRef = A91DB70E27FF5CA000413386 /* UIView + Extentions.swift */; };
		A91DB71127FF5D1600413386 /* UIColor + Extentions.swift in Sources */ = {isa = PBXBuildFile; fileRef = A91DB71027FF5D1600413386 /* UIColor + Extentions.swift */; };
		A91DB71327FF5D4000413386 /* UIFont + Extentions.swift in Sources */ = {isa = PBXBuildFile; fileRef = A91DB71227FF5D4000413386 /* UIFont + Extentions.swift */; };
		A94D530C27FB66EF00B12D9F /* AppDelegate.swift in Sources */ = {isa = PBXBuildFile; fileRef = A94D530B27FB66EF00B12D9F /* AppDelegate.swift */; };
		A94D530E27FB66EF00B12D9F /* SceneDelegate.swift in Sources */ = {isa = PBXBuildFile; fileRef = A94D530D27FB66EF00B12D9F /* SceneDelegate.swift */; };
		A94D531027FB66EF00B12D9F /* MainViewController.swift in Sources */ = {isa = PBXBuildFile; fileRef = A94D530F27FB66EF00B12D9F /* MainViewController.swift */; };
		A94D531527FB66F400B12D9F /* Assets.xcassets in Resources */ = {isa = PBXBuildFile; fileRef = A94D531427FB66F400B12D9F /* Assets.xcassets */; };
		A94D531827FB66F400B12D9F /* LaunchScreen.storyboard in Resources */ = {isa = PBXBuildFile; fileRef = A94D531627FB66F400B12D9F /* LaunchScreen.storyboard */; };
		A94D532627FB7BDE00B12D9F /* CalendarView.swift in Sources */ = {isa = PBXBuildFile; fileRef = A94D532527FB7BDE00B12D9F /* CalendarView.swift */; };
/* End PBXBuildFile section */

/* Begin PBXFileReference section */
		A91DB70727FF40D800413386 /* WeatherView.swift */ = {isa = PBXFileReference; lastKnownFileType = sourcecode.swift; path = WeatherView.swift; sourceTree = "<group>"; };
		A91DB70E27FF5CA000413386 /* UIView + Extentions.swift */ = {isa = PBXFileReference; lastKnownFileType = sourcecode.swift; path = "UIView + Extentions.swift"; sourceTree = "<group>"; };
		A91DB71027FF5D1600413386 /* UIColor + Extentions.swift */ = {isa = PBXFileReference; lastKnownFileType = sourcecode.swift; path = "UIColor + Extentions.swift"; sourceTree = "<group>"; };
		A91DB71227FF5D4000413386 /* UIFont + Extentions.swift */ = {isa = PBXFileReference; lastKnownFileType = sourcecode.swift; path = "UIFont + Extentions.swift"; sourceTree = "<group>"; };
		A94D530827FB66EF00B12D9F /* myProject.app */ = {isa = PBXFileReference; explicitFileType = wrapper.application; includeInIndex = 0; path = myProject.app; sourceTree = BUILT_PRODUCTS_DIR; };
		A94D530B27FB66EF00B12D9F /* AppDelegate.swift */ = {isa = PBXFileReference; lastKnownFileType = sourcecode.swift; path = AppDelegate.swift; sourceTree = "<group>"; };
		A94D530D27FB66EF00B12D9F /* SceneDelegate.swift */ = {isa = PBXFileReference; lastKnownFileType = sourcecode.swift; path = SceneDelegate.swift; sourceTree = "<group>"; };
		A94D530F27FB66EF00B12D9F /* MainViewController.swift */ = {isa = PBXFileReference; lastKnownFileType = sourcecode.swift; path = MainViewController.swift; sourceTree = "<group>"; };
		A94D531427FB66F400B12D9F /* Assets.xcassets */ = {isa = PBXFileReference; lastKnownFileType = folder.assetcatalog; path = Assets.xcassets; sourceTree = "<group>"; };
		A94D531727FB66F400B12D9F /* Base */ = {isa = PBXFileReference; lastKnownFileType = file.storyboard; name = Base; path = Base.lproj/LaunchScreen.storyboard; sourceTree = "<group>"; };
		A94D531927FB66F400B12D9F /* Info.plist */ = {isa = PBXFileReference; lastKnownFileType = text.plist.xml; path = Info.plist; sourceTree = "<group>"; };
		A94D532527FB7BDE00B12D9F /* CalendarView.swift */ = {isa = PBXFileReference; lastKnownFileType = sourcecode.swift; path = CalendarView.swift; sourceTree = "<group>"; };
/* End PBXFileReference section */

/* Begin PBXFrameworksBuildPhase section */
		A94D530527FB66EF00B12D9F /* Frameworks */ = {
			isa = PBXFrameworksBuildPhase;
			buildActionMask = 2147483647;
			files = (
			);
			runOnlyForDeploymentPostprocessing = 0;
		};
/* End PBXFrameworksBuildPhase section */

/* Begin PBXGroup section */
		A91DB70927FF5A3100413386 /* Extentions */ = {
			isa = PBXGroup;
			children = (
				A91DB70B27FF5A7F00413386 /* UIKit */,
			);
			path = Extentions;
			sourceTree = "<group>";
		};
		A91DB70A27FF5A3F00413386 /* Fonts */ = {
			isa = PBXGroup;
			children = (
			);
			path = Fonts;
			sourceTree = "<group>";
		};
		A91DB70B27FF5A7F00413386 /* UIKit */ = {
			isa = PBXGroup;
			children = (
				A91DB70E27FF5CA000413386 /* UIView + Extentions.swift */,
				A91DB71027FF5D1600413386 /* UIColor + Extentions.swift */,
				A91DB71227FF5D4000413386 /* UIFont + Extentions.swift */,
			);
			path = UIKit;
			sourceTree = "<group>";
		};
		A94D52FF27FB66EF00B12D9F = {
			isa = PBXGroup;
			children = (
				A94D530A27FB66EF00B12D9F /* myProject */,
				A94D530927FB66EF00B12D9F /* Products */,
			);
			sourceTree = "<group>";
		};
		A94D530927FB66EF00B12D9F /* Products */ = {
			isa = PBXGroup;
			children = (
				A94D530827FB66EF00B12D9F /* myProject.app */,
			);
			name = Products;
			sourceTree = "<group>";
		};
		A94D530A27FB66EF00B12D9F /* myProject */ = {
			isa = PBXGroup;
			children = (
				A91DB70927FF5A3100413386 /* Extentions */,
				A94D532227FB764700B12D9F /* Controllers */,
				A94D531F27FB762200B12D9F /* Application */,
				A94D532127FB763C00B12D9F /* Views */,
				A94D532327FB764E00B12D9F /* Resources */,
				A94D532027FB762D00B12D9F /* Models */,
				A94D530B27FB66EF00B12D9F /* AppDelegate.swift */,
				A94D530D27FB66EF00B12D9F /* SceneDelegate.swift */,
			);
			path = myProject;
			sourceTree = "<group>";
		};
		A94D531F27FB762200B12D9F /* Application */ = {
			isa = PBXGroup;
			children = (
			);
			path = Application;
			sourceTree = "<group>";
		};
		A94D532027FB762D00B12D9F /* Models */ = {
			isa = PBXGroup;
			children = (
			);
			path = Models;
			sourceTree = "<group>";
		};
		A94D532127FB763C00B12D9F /* Views */ = {
			isa = PBXGroup;
			children = (
				A94D532427FB7B9E00B12D9F /* MainVC */,
			);
			path = Views;
			sourceTree = "<group>";
		};
		A94D532227FB764700B12D9F /* Controllers */ = {
			isa = PBXGroup;
			children = (
				A94D530F27FB66EF00B12D9F /* MainViewController.swift */,
			);
			path = Controllers;
			sourceTree = "<group>";
		};
		A94D532327FB764E00B12D9F /* Resources */ = {
			isa = PBXGroup;
			children = (
				A91DB70A27FF5A3F00413386 /* Fonts */,
				A94D531427FB66F400B12D9F /* Assets.xcassets */,
				A94D531627FB66F400B12D9F /* LaunchScreen.storyboard */,
				A94D531927FB66F400B12D9F /* Info.plist */,
			);
			path = Resources;
			sourceTree = "<group>";
		};
		A94D532427FB7B9E00B12D9F /* MainVC */ = {
			isa = PBXGroup;
			children = (
				A94D532527FB7BDE00B12D9F /* CalendarView.swift */,
				A91DB70727FF40D800413386 /* WeatherView.swift */,
			);
			path = MainVC;
			sourceTree = "<group>";
		};
/* End PBXGroup section */

/* Begin PBXNativeTarget section */
		A94D530727FB66EF00B12D9F /* myProject */ = {
			isa = PBXNativeTarget;
			buildConfigurationList = A94D531C27FB66F400B12D9F /* Build configuration list for PBXNativeTarget "myProject" */;
			buildPhases = (
				A94D530427FB66EF00B12D9F /* Sources */,
				A94D530527FB66EF00B12D9F /* Frameworks */,
				A94D530627FB66EF00B12D9F /* Resources */,
			);
			buildRules = (
			);
			dependencies = (
			);
			name = myProject;
			productName = myProject;
			productReference = A94D530827FB66EF00B12D9F /* myProject.app */;
			productType = "com.apple.product-type.application";
		};
/* End PBXNativeTarget section */

/* Begin PBXProject section */
		A94D530027FB66EF00B12D9F /* Project object */ = {
			isa = PBXProject;
			attributes = {
				BuildIndependentTargetsInParallel = 1;
				LastSwiftUpdateCheck = 1330;
				LastUpgradeCheck = 1330;
				TargetAttributes = {
					A94D530727FB66EF00B12D9F = {
						CreatedOnToolsVersion = 13.3;
					};
				};
			};
			buildConfigurationList = A94D530327FB66EF00B12D9F /* Build configuration list for PBXProject "myProject" */;
			compatibilityVersion = "Xcode 13.0";
			developmentRegion = en;
			hasScannedForEncodings = 0;
			knownRegions = (
				en,
				Base,
			);
			mainGroup = A94D52FF27FB66EF00B12D9F;
			productRefGroup = A94D530927FB66EF00B12D9F /* Products */;
			projectDirPath = "";
			projectRoot = "";
			targets = (
				A94D530727FB66EF00B12D9F /* myProject */,
			);
		};
/* End PBXProject section */

/* Begin PBXResourcesBuildPhase section */
		A94D530627FB66EF00B12D9F /* Resources */ = {
			isa = PBXResourcesBuildPhase;
			buildActionMask = 2147483647;
			files = (
				A94D531827FB66F400B12D9F /* LaunchScreen.storyboard in Resources */,
				A94D531527FB66F400B12D9F /* Assets.xcassets in Resources */,
			);
			runOnlyForDeploymentPostprocessing = 0;
		};
/* End PBXResourcesBuildPhase section */

/* Begin PBXSourcesBuildPhase section */
		A94D530427FB66EF00B12D9F /* Sources */ = {
			isa = PBXSourcesBuildPhase;
			buildActionMask = 2147483647;
			files = (
				A91DB70827FF40D800413386 /* WeatherView.swift in Sources */,
				A91DB71127FF5D1600413386 /* UIColor + Extentions.swift in Sources */,
				A91DB70F27FF5CA000413386 /* UIView + Extentions.swift in Sources */,
				A94D531027FB66EF00B12D9F /* MainViewController.swift in Sources */,
				A94D530C27FB66EF00B12D9F /* AppDelegate.swift in Sources */,
				A91DB71327FF5D4000413386 /* UIFont + Extentions.swift in Sources */,
				A94D532627FB7BDE00B12D9F /* CalendarView.swift in Sources */,
				A94D530E27FB66EF00B12D9F /* SceneDelegate.swift in Sources */,
			);
			runOnlyForDeploymentPostprocessing = 0;
		};
/* End PBXSourcesBuildPhase section */

/* Begin PBXVariantGroup section */
		A94D531627FB66F400B12D9F /* LaunchScreen.storyboard */ = {
			isa = PBXVariantGroup;
			children = (
				A94D531727FB66F400B12D9F /* Base */,
			);
			name = LaunchScreen.storyboard;
			sourceTree = "<group>";
		};
/* End PBXVariantGroup section */

/* Begin XCBuildConfiguration section */
		A94D531A27FB66F400B12D9F /* Debug */ = {
			isa = XCBuildConfiguration;
			buildSettings = {
				ALWAYS_SEARCH_USER_PATHS = NO;
				CLANG_ANALYZER_NONNULL = YES;
				CLANG_ANALYZER_NUMBER_OBJECT_CONVERSION = YES_AGGRESSIVE;
				CLANG_CXX_LANGUAGE_STANDARD = "gnu++17";
				CLANG_ENABLE_MODULES = YES;
				CLANG_ENABLE_OBJC_ARC = YES;
				CLANG_ENABLE_OBJC_WEAK = YES;
				CLANG_WARN_BLOCK_CAPTURE_AUTORELEASING = YES;
				CLANG_WARN_BOOL_CONVERSION = YES;
				CLANG_WARN_COMMA = YES;
				CLANG_WARN_CONSTANT_CONVERSION = YES;
				CLANG_WARN_DEPRECATED_OBJC_IMPLEMENTATIONS = YES;
				CLANG_WARN_DIRECT_OBJC_ISA_USAGE = YES_ERROR;
				CLANG_WARN_DOCUMENTATION_COMMENTS = YES;
				CLANG_WARN_EMPTY_BODY = YES;
				CLANG_WARN_ENUM_CONVERSION = YES;
				CLANG_WARN_INFINITE_RECURSION = YES;
				CLANG_WARN_INT_CONVERSION = YES;
				CLANG_WARN_NON_LITERAL_NULL_CONVERSION = YES;
				CLANG_WARN_OBJC_IMPLICIT_RETAIN_SELF = YES;
				CLANG_WARN_OBJC_LITERAL_CONVERSION = YES;
				CLANG_WARN_OBJC_ROOT_CLASS = YES_ERROR;
				CLANG_WARN_QUOTED_INCLUDE_IN_FRAMEWORK_HEADER = YES;
				CLANG_WARN_RANGE_LOOP_ANALYSIS = YES;
				CLANG_WARN_STRICT_PROTOTYPES = YES;
				CLANG_WARN_SUSPICIOUS_MOVE = YES;
				CLANG_WARN_UNGUARDED_AVAILABILITY = YES_AGGRESSIVE;
				CLANG_WARN_UNREACHABLE_CODE = YES;
				CLANG_WARN__DUPLICATE_METHOD_MATCH = YES;
				COPY_PHASE_STRIP = NO;
				DEBUG_INFORMATION_FORMAT = dwarf;
				ENABLE_STRICT_OBJC_MSGSEND = YES;
				ENABLE_TESTABILITY = YES;
				GCC_C_LANGUAGE_STANDARD = gnu11;
				GCC_DYNAMIC_NO_PIC = NO;
				GCC_NO_COMMON_BLOCKS = YES;
				GCC_OPTIMIZATION_LEVEL = 0;
				GCC_PREPROCESSOR_DEFINITIONS = (
					"DEBUG=1",
					"$(inherited)",
				);
				GCC_WARN_64_TO_32_BIT_CONVERSION = YES;
				GCC_WARN_ABOUT_RETURN_TYPE = YES_ERROR;
				GCC_WARN_UNDECLARED_SELECTOR = YES;
				GCC_WARN_UNINITIALIZED_AUTOS = YES_AGGRESSIVE;
				GCC_WARN_UNUSED_FUNCTION = YES;
				GCC_WARN_UNUSED_VARIABLE = YES;
				IPHONEOS_DEPLOYMENT_TARGET = 15.4;
				MTL_ENABLE_DEBUG_INFO = INCLUDE_SOURCE;
				MTL_FAST_MATH = YES;
				ONLY_ACTIVE_ARCH = YES;
				SDKROOT = iphoneos;
				SWIFT_ACTIVE_COMPILATION_CONDITIONS = DEBUG;
				SWIFT_OPTIMIZATION_LEVEL = "-Onone";
			};
			name = Debug;
		};
		A94D531B27FB66F400B12D9F /* Release */ = {
			isa = XCBuildConfiguration;
			buildSettings = {
				ALWAYS_SEARCH_USER_PATHS = NO;
				CLANG_ANALYZER_NONNULL = YES;
				CLANG_ANALYZER_NUMBER_OBJECT_CONVERSION = YES_AGGRESSIVE;
				CLANG_CXX_LANGUAGE_STANDARD = "gnu++17";
				CLANG_ENABLE_MODULES = YES;
				CLANG_ENABLE_OBJC_ARC = YES;
				CLANG_ENABLE_OBJC_WEAK = YES;
				CLANG_WARN_BLOCK_CAPTURE_AUTORELEASING = YES;
				CLANG_WARN_BOOL_CONVERSION = YES;
				CLANG_WARN_COMMA = YES;
				CLANG_WARN_CONSTANT_CONVERSION = YES;
				CLANG_WARN_DEPRECATED_OBJC_IMPLEMENTATIONS = YES;
				CLANG_WARN_DIRECT_OBJC_ISA_USAGE = YES_ERROR;
				CLANG_WARN_DOCUMENTATION_COMMENTS = YES;
				CLANG_WARN_EMPTY_BODY = YES;
				CLANG_WARN_ENUM_CONVERSION = YES;
				CLANG_WARN_INFINITE_RECURSION = YES;
				CLANG_WARN_INT_CONVERSION = YES;
				CLANG_WARN_NON_LITERAL_NULL_CONVERSION = YES;
				CLANG_WARN_OBJC_IMPLICIT_RETAIN_SELF = YES;
				CLANG_WARN_OBJC_LITERAL_CONVERSION = YES;
				CLANG_WARN_OBJC_ROOT_CLASS = YES_ERROR;
				CLANG_WARN_QUOTED_INCLUDE_IN_FRAMEWORK_HEADER = YES;
				CLANG_WARN_RANGE_LOOP_ANALYSIS = YES;
				CLANG_WARN_STRICT_PROTOTYPES = YES;
				CLANG_WARN_SUSPICIOUS_MOVE = YES;
				CLANG_WARN_UNGUARDED_AVAILABILITY = YES_AGGRESSIVE;
				CLANG_WARN_UNREACHABLE_CODE = YES;
				CLANG_WARN__DUPLICATE_METHOD_MATCH = YES;
				COPY_PHASE_STRIP = NO;
				DEBUG_INFORMATION_FORMAT = "dwarf-with-dsym";
				ENABLE_NS_ASSERTIONS = NO;
				ENABLE_STRICT_OBJC_MSGSEND = YES;
				GCC_C_LANGUAGE_STANDARD = gnu11;
				GCC_NO_COMMON_BLOCKS = YES;
				GCC_WARN_64_TO_32_BIT_CONVERSION = YES;
				GCC_WARN_ABOUT_RETURN_TYPE = YES_ERROR;
				GCC_WARN_UNDECLARED_SELECTOR = YES;
				GCC_WARN_UNINITIALIZED_AUTOS = YES_AGGRESSIVE;
				GCC_WARN_UNUSED_FUNCTION = YES;
				GCC_WARN_UNUSED_VARIABLE = YES;
				IPHONEOS_DEPLOYMENT_TARGET = 15.4;
				MTL_ENABLE_DEBUG_INFO = NO;
				MTL_FAST_MATH = YES;
				SDKROOT = iphoneos;
				SWIFT_COMPILATION_MODE = wholemodule;
				SWIFT_OPTIMIZATION_LEVEL = "-O";
				VALIDATE_PRODUCT = YES;
			};
			name = Release;
		};
		A94D531D27FB66F400B12D9F /* Debug */ = {
			isa = XCBuildConfiguration;
			buildSettings = {
				ASSETCATALOG_COMPILER_APPICON_NAME = AppIcon;
				ASSETCATALOG_COMPILER_GLOBAL_ACCENT_COLOR_NAME = AccentColor;
				CODE_SIGN_STYLE = Automatic;
				CURRENT_PROJECT_VERSION = 1;
				GENERATE_INFOPLIST_FILE = YES;
				INFOPLIST_FILE = myProject/Resources/Info.plist;
				INFOPLIST_KEY_UIApplicationSupportsIndirectInputEvents = YES;
				INFOPLIST_KEY_UILaunchStoryboardName = LaunchScreen;
				INFOPLIST_KEY_UISupportedInterfaceOrientations = UIInterfaceOrientationPortrait;
				INFOPLIST_KEY_UISupportedInterfaceOrientations_iPad = "UIInterfaceOrientationPortrait UIInterfaceOrientationPortraitUpsideDown UIInterfaceOrientationLandscapeLeft UIInterfaceOrientationLandscapeRight";
				INFOPLIST_KEY_UISupportedInterfaceOrientations_iPhone = "UIInterfaceOrientationPortrait UIInterfaceOrientationLandscapeLeft UIInterfaceOrientationLandscapeRight";
				IPHONEOS_DEPLOYMENT_TARGET = 13.0;
				LD_RUNPATH_SEARCH_PATHS = (
					"$(inherited)",
					"@executable_path/Frameworks",
				);
				MARKETING_VERSION = 1.0;
				PRODUCT_BUNDLE_IDENTIFIER = com.emaizone.myProject;
				PRODUCT_NAME = "$(TARGET_NAME)";
				SWIFT_EMIT_LOC_STRINGS = YES;
				SWIFT_VERSION = 5.0;
				TARGETED_DEVICE_FAMILY = 1;
			};
			name = Debug;
		};
		A94D531E27FB66F400B12D9F /* Release */ = {
			isa = XCBuildConfiguration;
			buildSettings = {
				ASSETCATALOG_COMPILER_APPICON_NAME = AppIcon;
				ASSETCATALOG_COMPILER_GLOBAL_ACCENT_COLOR_NAME = AccentColor;
				CODE_SIGN_STYLE = Automatic;
				CURRENT_PROJECT_VERSION = 1;
				GENERATE_INFOPLIST_FILE = YES;
				INFOPLIST_FILE = myProject/Resources/Info.plist;
				INFOPLIST_KEY_UIApplicationSupportsIndirectInputEvents = YES;
				INFOPLIST_KEY_UILaunchStoryboardName = LaunchScreen;
				INFOPLIST_KEY_UISupportedInterfaceOrientations = UIInterfaceOrientationPortrait;
				INFOPLIST_KEY_UISupportedInterfaceOrientations_iPad = "UIInterfaceOrientationPortrait UIInterfaceOrientationPortraitUpsideDown UIInterfaceOrientationLandscapeLeft UIInterfaceOrientationLandscapeRight";
				INFOPLIST_KEY_UISupportedInterfaceOrientations_iPhone = "UIInterfaceOrientationPortrait UIInterfaceOrientationLandscapeLeft UIInterfaceOrientationLandscapeRight";
				IPHONEOS_DEPLOYMENT_TARGET = 13.0;
				LD_RUNPATH_SEARCH_PATHS = (
					"$(inherited)",
					"@executable_path/Frameworks",
				);
				MARKETING_VERSION = 1.0;
				PRODUCT_BUNDLE_IDENTIFIER = com.emaizone.myProject;
				PRODUCT_NAME = "$(TARGET_NAME)";
				SWIFT_EMIT_LOC_STRINGS = YES;
				SWIFT_VERSION = 5.0;
				TARGETED_DEVICE_FAMILY = 1;
			};
			name = Release;
		};
/* End XCBuildConfiguration section */

/* Begin XCConfigurationList section */
		A94D530327FB66EF00B12D9F /* Build configuration list for PBXProject "myProject" */ = {
			isa = XCConfigurationList;
			buildConfigurations = (
				A94D531A27FB66F400B12D9F /* Debug */,
				A94D531B27FB66F400B12D9F /* Release */,
			);
			defaultConfigurationIsVisible = 0;
			defaultConfigurationName = Release;
		};
		A94D531C27FB66F400B12D9F /* Build configuration list for PBXNativeTarget "myProject" */ = {
			isa = XCConfigurationList;
			buildConfigurations = (
				A94D531D27FB66F400B12D9F /* Debug */,
				A94D531E27FB66F400B12D9F /* Release */,
			);
			defaultConfigurationIsVisible = 0;
			defaultConfigurationName = Release;
		};
/* End XCConfigurationList section */
	};
	rootObject = A94D530027FB66EF00B12D9F /* Project object */;
}
